{
  "lockfile_version": "1",
  "packages": {
    "apple-sdk_15@15.2": {
      "last_modified": "2025-09-18T16:33:27Z",
      "resolved": "github:NixOS/nixpkgs/f4b140d5b253f5e2a1ff4e5506edbf8267724bde#apple-sdk_15",
      "source": "devbox-search",
      "version": "15.2",
      "systems": {
        "aarch64-darwin": {
          "outputs": [
            {
              "name": "out",
              "path": "/nix/store/3w6k7waxdw7bv0l6ip0azfaskm5ibk4p-apple-sdk-15.2",
              "default": true
            }
          ],
          "store_path": "/nix/store/3w6k7waxdw7bv0l6ip0azfaskm5ibk4p-apple-sdk-15.2"
        },
        "x86_64-darwin": {
          "outputs": [
            {
              "name": "out",
              "path": "/nix/store/jd692x02r6by0hckzqhjgjccj615dsn9-apple-sdk-15.2",
              "default": true
            }
          ],
          "store_path": "/nix/store/jd692x02r6by0hckzqhjgjccj615dsn9-apple-sdk-15.2"
        }
      }
    },
    "clusterctl@1.12.2": {
      "last_modified": "2026-02-01T05:13:08Z",
      "resolved": "github:NixOS/nixpkgs/207d15f1a6603226e1e223dc79ac29c7846da32e#clusterctl",
      "source": "devbox-search",
      "version": "1.12.2",
      "systems": {
        "aarch64-darwin": {
          "outputs": [
            {
              "name": "out",
              "path": "/nix/store/12gr3xy9spn6c3lvlvyy9x1nhw5lajlk-clusterctl-1.12.2",
              "default": true
            }
          ],
          "store_path": "/nix/store/12gr3xy9spn6c3lvlvyy9x1nhw5lajlk-clusterctl-1.12.2"
        },
        "aarch64-linux": {
          "outputs": [
            {
              "name": "out",
              "path": "/nix/store/s9hg04s3wq3sf5z25chrvy7zpag4z3x7-clusterctl-1.12.2",
              "default": true
            }
          ],
          "store_path": "/nix/store/s9hg04s3wq3sf5z25chrvy7zpag4z3x7-clusterctl-1.12.2"
        },
        "x86_64-darwin": {
          "outputs": [
            {
              "name": "out",
              "path": "/nix/store/jmsfqb0q1w7n11f6a4d0lhm2nm5x0s2v-clusterctl-1.12.2",
              "default": true
            }
          ],
          "store_path": "/nix/store/jmsfqb0q1w7n11f6a4d0lhm2nm5x0s2v-clusterctl-1.12.2"
        },
        "x86_64-linux": {
          "outputs": [
            {
              "name": "out",
              "path": "/nix/store/94ic1v1ficx31a7dijxs567cd671smja-clusterctl-1.12.2",
              "default": true
            }
          ],
          "store_path": "/nix/store/94ic1v1ficx31a7dijxs567cd671smja-clusterctl-1.12.2"
        }
      }
    },
    "ctlptl@0.9.0": {
      "last_modified": "2026-01-23T17:20:52Z",
      "resolved": "github:NixOS/nixpkgs/a1bab9e494f5f4939442a57a58d0449a109593fe#ctlptl",
      "source": "devbox-search",
      "version": "0.9.0",
      "systems": {
        "aarch64-darwin": {
          "outputs": [
            {
              "name": "out",
              "path": "/nix/store/sbjv6lddgm4cq2b05lv7sl5nvhmdm37d-ctlptl-0.9.0",
              "default": true
            }
          ],
          "store_path": "/nix/store/sbjv6lddgm4cq2b05lv7sl5nvhmdm37d-ctlptl-0.9.0"
        },
        "aarch64-linux": {
          "outputs": [
            {
              "name": "out",
              "path": "/nix/store/6f56y1rf1z3hm3jh67l2iz8zpalmqznk-ctlptl-0.9.0",
              "default": true
            }
          ],
          "store_path": "/nix/store/6f56y1rf1z3hm3jh67l2iz8zpalmqznk-ctlptl-0.9.0"
        },
        "x86_64-darwin": {
          "outputs": [
            {
              "name": "out",
              "path": "/nix/store/6l2rqk865i0yzfg2bnix4bswy00ssdck-ctlptl-0.9.0",
              "default": true
            }
          ],
          "store_path": "/nix/store/6l2rqk865i0yzfg2bnix4bswy00ssdck-ctlptl-0.9.0"
        },
        "x86_64-linux": {
          "outputs": [
            {
              "name": "out",
              "path": "/nix/store/gz1npwihm9yl4hnjdm7hy023mbqhhhlc-ctlptl-0.9.0",
              "default": true
            }
          ],
          "store_path": "/nix/store/gz1npwihm9yl4hnjdm7hy023mbqhhhlc-ctlptl-0.9.0"
        }
      }
    },
    "docker@29.2.0": {
      "last_modified": "2026-02-06T12:24:04Z",
      "resolved": "github:NixOS/nixpkgs/ae67888ff7ef9dff69b3cf0cc0fbfbcd3a722abe#docker",
      "source": "devbox-search",
      "version": "29.2.0",
      "systems": {
        "aarch64-darwin": {
          "outputs": [
            {
              "name": "out",
              "path": "/nix/store/24308dp2fgv0sr7kb89qbylnd8h2wph6-docker-29.2.0",
              "default": true
            }
          ],
          "store_path": "/nix/store/24308dp2fgv0sr7kb89qbylnd8h2wph6-docker-29.2.0"
        },
        "aarch64-linux": {
          "outputs": [
            {
              "name": "out",
              "path": "/nix/store/h3csldhbph1y16ha4g5bm528slkjvlvn-docker-29.2.0",
              "default": true
            }
          ],
          "store_path": "/nix/store/h3csldhbph1y16ha4g5bm528slkjvlvn-docker-29.2.0"
        },
        "x86_64-darwin": {
          "outputs": [
            {
              "name": "out",
              "path": "/nix/store/9yrad8hlczv83flcwdmpbwdr5pcanii8-docker-29.2.0",
              "default": true
            }
          ],
          "store_path": "/nix/store/9yrad8hlczv83flcwdmpbwdr5pcanii8-docker-29.2.0"
        },
        "x86_64-linux": {
          "outputs": [
            {
              "name": "out",
              "path": "/nix/store/c8aqqrc2nmn5dz5byk11l8jdyyg6hirw-docker-29.2.0",
              "default": true
            }
          ],
          "store_path": "/nix/store/c8aqqrc2nmn5dz5byk11l8jdyyg6hirw-docker-29.2.0"
        }
      }
    },
    "github:NixOS/nixpkgs/nixpkgs-unstable": {
      "last_modified": "2026-02-04T01:49:30Z",
      "resolved": "github:NixOS/nixpkgs/aa290c9891fa4ebe88f8889e59633d20cc06a5f2?lastModified=1770169770&narHash=sha256-awR8qIwJxJJiOmcEGgP2KUqYmHG4v%2Fz8XpL9z8FnT1A%3D"
    },
    "go-tools@2025.1.1": {
      "last_modified": "2026-01-23T17:20:52Z",
      "resolved": "github:NixOS/nixpkgs/a1bab9e494f5f4939442a57a58d0449a109593fe#go-tools",
      "source": "devbox-search",
      "version": "2025.1.1",
      "systems": {
        "aarch64-darwin": {
          "outputs": [
            {
              "name": "out",
              "path": "/nix/store/5nllzjqxgy4k6vkvxcl0h1haki10h5ay-go-tools-2025.1.1",
              "default": true
            }
          ],
          "store_path": "/nix/store/5nllzjqxgy4k6vkvxcl0h1haki10h5ay-go-tools-2025.1.1"
        },
        "aarch64-linux": {
          "outputs": [
            {
              "name": "out",
              "path": "/nix/store/rj41bfybczggx2lv0sm8qin9k0xrfrr0-go-tools-2025.1.1",
              "default": true
            }
          ],
          "store_path": "/nix/store/rj41bfybczggx2lv0sm8qin9k0xrfrr0-go-tools-2025.1.1"
        },
        "x86_64-darwin": {
          "outputs": [
            {
              "name": "out",
              "path": "/nix/store/qy0fgh545871nqsg5i5jwfx4gyc048kl-go-tools-2025.1.1",
              "default": true
            }
          ],
          "store_path": "/nix/store/qy0fgh545871nqsg5i5jwfx4gyc048kl-go-tools-2025.1.1"
        },
        "x86_64-linux": {
          "outputs": [
            {
              "name": "out",
              "path": "/nix/store/m7dl0mdj7ffiylh2lp90vlgjy1rmnzg0-go-tools-2025.1.1",
              "default": true
            }
          ],
          "store_path": "/nix/store/m7dl0mdj7ffiylh2lp90vlgjy1rmnzg0-go-tools-2025.1.1"
        }
      }
    },
    "go@1.25.5": {
      "last_modified": "2026-01-23T17:20:52Z",
      "resolved": "github:NixOS/nixpkgs/a1bab9e494f5f4939442a57a58d0449a109593fe#go",
      "source": "devbox-search",
      "version": "1.25.5",
      "systems": {
        "aarch64-darwin": {
          "outputs": [
            {
              "name": "out",
              "path": "/nix/store/wh88zz6r1ihcp2mm7ys1f2anp8aga6n2-go-1.25.5",
              "default": true
            }
          ],
          "store_path": "/nix/store/wh88zz6r1ihcp2mm7ys1f2anp8aga6n2-go-1.25.5"
        },
        "aarch64-linux": {
          "outputs": [
            {
              "name": "out",
              "path": "/nix/store/k3knzdi0v21bf2m7vcxpdy1jnqg1h0zk-go-1.25.5",
              "default": true
            }
          ],
          "store_path": "/nix/store/k3knzdi0v21bf2m7vcxpdy1jnqg1h0zk-go-1.25.5"
        },
        "x86_64-darwin": {
          "outputs": [
            {
              "name": "out",
              "path": "/nix/store/bwdahzajhqd5x14dbvkqww5f1wpsxif3-go-1.25.5",
              "default": true
            }
          ],
          "store_path": "/nix/store/bwdahzajhqd5x14dbvkqww5f1wpsxif3-go-1.25.5"
        },
        "x86_64-linux": {
          "outputs": [
            {
              "name": "out",
              "path": "/nix/store/zzvsjgylnphvhms3lgr2qlwdxmc68z66-go-1.25.5",
              "default": true
            }
          ],
          "store_path": "/nix/store/zzvsjgylnphvhms3lgr2qlwdxmc68z66-go-1.25.5"
        }
      }
    },
    "golangci-lint@2.8.0": {
      "last_modified": "2026-01-23T17:20:52Z",
      "resolved": "github:NixOS/nixpkgs/a1bab9e494f5f4939442a57a58d0449a109593fe#golangci-lint",
      "source": "devbox-search",
      "version": "2.8.0",
      "systems": {
        "aarch64-darwin": {
          "outputs": [
            {
              "name": "out",
              "path": "/nix/store/ci7qq9jsgk0v1f0pzs7kb0v9rk5zwyck-golangci-lint-2.8.0",
              "default": true
            }
          ],
          "store_path": "/nix/store/ci7qq9jsgk0v1f0pzs7kb0v9rk5zwyck-golangci-lint-2.8.0"
        },
        "aarch64-linux": {
          "outputs": [
            {
              "name": "out",
              "path": "/nix/store/ly2sk4i2qj8gfb0l7m5sxvyv7c8rn273-golangci-lint-2.8.0",
              "default": true
            }
          ],
          "store_path": "/nix/store/ly2sk4i2qj8gfb0l7m5sxvyv7c8rn273-golangci-lint-2.8.0"
        },
        "x86_64-darwin": {
          "outputs": [
            {
              "name": "out",
              "path": "/nix/store/r1m8175dhby0agi1r43ic2scrphsjnlb-golangci-lint-2.8.0",
              "default": true
            }
          ],
          "store_path": "/nix/store/r1m8175dhby0agi1r43ic2scrphsjnlb-golangci-lint-2.8.0"
        },
        "x86_64-linux": {
          "outputs": [
            {
              "name": "out",
              "path": "/nix/store/kj9ibnlg1p3macpcw8lm4rhpcwgfjal1-golangci-lint-2.8.0",
              "default": true
            }
          ],
          "store_path": "/nix/store/kj9ibnlg1p3macpcw8lm4rhpcwgfjal1-golangci-lint-2.8.0"
        }
      }
    },
    "govulncheck@1.1.4": {
      "last_modified": "2026-01-23T17:20:52Z",
      "resolved": "github:NixOS/nixpkgs/a1bab9e494f5f4939442a57a58d0449a109593fe#govulncheck",
      "source": "devbox-search",
      "version": "1.1.4",
      "systems": {
        "aarch64-darwin": {
          "outputs": [
            {
              "name": "out",
              "path": "/nix/store/4ys782yajzb7c1nsv3kiq725nxrnqhil-govulncheck-1.1.4",
              "default": true
            }
          ],
          "store_path": "/nix/store/4ys782yajzb7c1nsv3kiq725nxrnqhil-govulncheck-1.1.4"
        },
        "aarch64-linux": {
          "outputs": [
            {
              "name": "out",
              "path": "/nix/store/4bf5mijd8x7xgar47czq61vc9qdr124l-govulncheck-1.1.4",
              "default": true
            }
          ],
          "store_path": "/nix/store/4bf5mijd8x7xgar47czq61vc9qdr124l-govulncheck-1.1.4"
        },
        "x86_64-darwin": {
          "outputs": [
            {
              "name": "out",
              "path": "/nix/store/34a83mzmvgfy7ldmnnm48c5b31qgm5fx-govulncheck-1.1.4",
              "default": true
            }
          ],
          "store_path": "/nix/store/34a83mzmvgfy7ldmnnm48c5b31qgm5fx-govulncheck-1.1.4"
        },
        "x86_64-linux": {
          "outputs": [
            {
              "name": "out",
              "path": "/nix/store/5ayysy1zzcfc5zqxzsgfqn762dw8vb13-govulncheck-1.1.4",
              "default": true
            }
          ],
          "store_path": "/nix/store/5ayysy1zzcfc5zqxzsgfqn762dw8vb13-govulncheck-1.1.4"
        }
      }
    },
    "jq@1.8.1": {
      "last_modified": "2026-02-06T12:24:04Z",
      "resolved": "github:NixOS/nixpkgs/ae67888ff7ef9dff69b3cf0cc0fbfbcd3a722abe#jq",
      "source": "devbox-search",
      "version": "1.8.1",
      "systems": {
        "aarch64-darwin": {
          "outputs": [
            {
              "name": "bin",
              "path": "/nix/store/qjs0qndyz1g97rsc1zp4cd692y5iph64-jq-1.8.1-bin",
              "default": true
            },
            {
              "name": "man",
              "path": "/nix/store/jlpyybc7pdh4gk17dc266d6a1szm7dk6-jq-1.8.1-man",
              "default": true
            },
            {
              "name": "doc",
              "path": "/nix/store/238sn0gg3i3i9v6kgx4g1k6b19frzy49-jq-1.8.1-doc"
            },
            {
              "name": "out",
              "path": "/nix/store/n64h0247s3674kry90l6kszx06zyrgfn-jq-1.8.1"
            },
            {
              "name": "dev",
              "path": "/nix/store/bhryp10d5w5h9rsav5k9m9jb55z26bsl-jq-1.8.1-dev"
            }
          ],
          "store_path": "/nix/store/qjs0qndyz1g97rsc1zp4cd692y5iph64-jq-1.8.1-bin"
        },
        "aarch64-linux": {
          "outputs": [
            {
              "name": "bin",
              "path": "/nix/store/c1qm5fsn6qbl09xdjx649vifabypyywd-jq-1.8.1-bin",
              "default": true
            },
            {
              "name": "man",
              "path": "/nix/store/2pjwv0ab8nilrg1lvjazf9y9w6g6pk5y-jq-1.8.1-man",
              "default": true
            },
            {
              "name": "dev",
              "path": "/nix/store/2sy4y09ddbi64pbg4is078110z70jsdw-jq-1.8.1-dev"
            },
            {
              "name": "doc",
              "path": "/nix/store/vx81xggapqwdd2l64mmxrkbafih461jc-jq-1.8.1-doc"
            },
            {
              "name": "out",
              "path": "/nix/store/cfhajjz1k7gf31krbj18q9acb54xp5z9-jq-1.8.1"
            }
          ],
          "store_path": "/nix/store/c1qm5fsn6qbl09xdjx649vifabypyywd-jq-1.8.1-bin"
        },
        "x86_64-darwin": {
          "outputs": [
            {
              "name": "bin",
              "path": "/nix/store/51343hgchh7by4l8r1g244ma05ny3x0b-jq-1.8.1-bin",
              "default": true
            },
            {
              "name": "man",
              "path": "/nix/store/vx840ik1sj1h8fhqwa40aglvrgpa0r18-jq-1.8.1-man",
              "default": true
            },
            {
              "name": "doc",
              "path": "/nix/store/h05xaf7fsasgp8cpyar2195cc8lbgih8-jq-1.8.1-doc"
            },
            {
              "name": "out",
              "path": "/nix/store/bmg2xfw86wavg7fm062nyf6v48xzxh0j-jq-1.8.1"
            },
            {
              "name": "dev",
              "path": "/nix/store/pp2hrljvalrrwyxh7is69nnlmxb2m7lk-jq-1.8.1-dev"
            }
          ],
          "store_path": "/nix/store/51343hgchh7by4l8r1g244ma05ny3x0b-jq-1.8.1-bin"
        },
        "x86_64-linux": {
          "outputs": [
            {
              "name": "bin",
              "path": "/nix/store/qnaw7i777j52fpgbl5pgmzkq85znp083-jq-1.8.1-bin",
              "default": true
            },
            {
              "name": "man",
              "path": "/nix/store/6mh88qsh57ivh31c5nqxc43n0hv9xhbk-jq-1.8.1-man",
              "default": true
            },
            {
              "name": "dev",
              "path": "/nix/store/d73i1fvhrqms0sbfrvqaynsr8iva216v-jq-1.8.1-dev"
            },
            {
              "name": "doc",
              "path": "/nix/store/3ynrp4ypwv1g1jgsk638443p8lpd9g8f-jq-1.8.1-doc"
            },
            {
              "name": "out",
              "path": "/nix/store/fgsvqffyvcpjqs093wwf2d6dzxnmnqnv-jq-1.8.1"
            }
          ],
          "store_path": "/nix/store/qnaw7i777j52fpgbl5pgmzkq85znp083-jq-1.8.1-bin"
        }
      }
    },
    "kind@0.31.0": {
      "last_modified": "2026-01-23T17:20:52Z",
      "resolved": "github:NixOS/nixpkgs/a1bab9e494f5f4939442a57a58d0449a109593fe#kind",
      "source": "devbox-search",
      "version": "0.31.0",
      "systems": {
        "aarch64-darwin": {
          "outputs": [
            {
              "name": "out",
              "path": "/nix/store/jhrinvskzfygyf1zpqdldrr4s684pqpq-kind-0.31.0",
              "default": true
            }
          ],
          "store_path": "/nix/store/jhrinvskzfygyf1zpqdldrr4s684pqpq-kind-0.31.0"
        },
        "aarch64-linux": {
          "outputs": [
            {
              "name": "out",
              "path": "/nix/store/z4c4swmiyk3nrcp7glz773mlkhzay46s-kind-0.31.0",
              "default": true
            }
          ],
          "store_path": "/nix/store/z4c4swmiyk3nrcp7glz773mlkhzay46s-kind-0.31.0"
        },
        "x86_64-darwin": {
          "outputs": [
            {
              "name": "out",
              "path": "/nix/store/837blpxb5qvcslbm5s770cx8wzhm4wgv-kind-0.31.0",
              "default": true
            }
          ],
          "store_path": "/nix/store/837blpxb5qvcslbm5s770cx8wzhm4wgv-kind-0.31.0"
        },
        "x86_64-linux": {
          "outputs": [
            {
              "name": "out",
              "path": "/nix/store/y8w7xm64r76pvdycqjmi7389cv6ilh3g-kind-0.31.0",
              "default": true
            }
          ],
          "store_path": "/nix/store/y8w7xm64r76pvdycqjmi7389cv6ilh3g-kind-0.31.0"
        }
      }
    },
    "kubebuilder@4.10.1": {
      "last_modified": "2026-01-23T17:20:52Z",
      "resolved": "github:NixOS/nixpkgs/a1bab9e494f5f4939442a57a58d0449a109593fe#kubebuilder",
      "source": "devbox-search",
      "version": "4.10.1",
      "systems": {
        "aarch64-darwin": {
          "outputs": [
            {
              "name": "out",
              "path": "/nix/store/2q45jl8ixzhzrm6lr8z2p43paddgdzm5-kubebuilder-4.10.1",
              "default": true
            }
          ],
          "store_path": "/nix/store/2q45jl8ixzhzrm6lr8z2p43paddgdzm5-kubebuilder-4.10.1"
        },
        "aarch64-linux": {
          "outputs": [
            {
              "name": "out",
              "path": "/nix/store/sjfr67xvxzk4aigjyh7pl532h2znf9gw-kubebuilder-4.10.1",
              "default": true
            }
          ],
          "store_path": "/nix/store/sjfr67xvxzk4aigjyh7pl532h2znf9gw-kubebuilder-4.10.1"
        },
        "x86_64-darwin": {
          "outputs": [
            {
              "name": "out",
              "path": "/nix/store/pccx77r3jwr3fj4ssg73r9rm3s1ynh88-kubebuilder-4.10.1",
              "default": true
            }
          ],
          "store_path": "/nix/store/pccx77r3jwr3fj4ssg73r9rm3s1ynh88-kubebuilder-4.10.1"
        },
        "x86_64-linux": {
          "outputs": [
            {
              "name": "out",
              "path": "/nix/store/w2w33ljh776bd1j5s2zldbl3jjggnrsz-kubebuilder-4.10.1",
              "default": true
            }
          ],
          "store_path": "/nix/store/w2w33ljh776bd1j5s2zldbl3jjggnrsz-kubebuilder-4.10.1"
        }
      }
    },
    "kubectl@1.35.0": {
      "last_modified": "2026-01-23T17:20:52Z",
      "resolved": "github:NixOS/nixpkgs/a1bab9e494f5f4939442a57a58d0449a109593fe#kubectl",
      "source": "devbox-search",
      "version": "1.35.0",
      "systems": {
        "aarch64-darwin": {
          "outputs": [
            {
              "name": "out",
              "path": "/nix/store/zh9jp24f14avckd99vs54g82ws1i2qpk-kubectl-1.35.0",
              "default": true
            },
            {
              "name": "man",
              "path": "/nix/store/lzn4s3mnjmyhbfckaizm6vg5rnpshyl2-kubectl-1.35.0-man",
              "default": true
            },
            {
              "name": "convert",
              "path": "/nix/store/rb8ivxqdljfpqfrf7br9pwvgk3m7aj4k-kubectl-1.35.0-convert"
            }
          ],
          "store_path": "/nix/store/zh9jp24f14avckd99vs54g82ws1i2qpk-kubectl-1.35.0"
        },
        "aarch64-linux": {
          "outputs": [
            {
              "name": "out",
              "path": "/nix/store/h2wbgv9grql0bhrpqdab77mw1pd1zr7x-kubectl-1.35.0",
              "default": true
            },
            {
              "name": "man",
              "path": "/nix/store/b9av4ayjma48ch5wy7k85grkiigls84a-kubectl-1.35.0-man",
              "default": true
            },
            {
              "name": "convert",
              "path": "/nix/store/lbrbsz8zmyzkabn3rr5nxwn4ji0q5wl9-kubectl-1.35.0-convert"
            }
          ],
          "store_path": "/nix/store/h2wbgv9grql0bhrpqdab77mw1pd1zr7x-kubectl-1.35.0"
        },
        "x86_64-darwin": {
          "outputs": [
            {
              "name": "out",
              "path": "/nix/store/ifqhf8f32873w5ad22z5cy56y9nlfhg6-kubectl-1.35.0",
              "default": true
            },
            {
              "name": "man",
              "path": "/nix/store/q3lyh5bdcsvh827fjnnwsnjd16nf52yv-kubectl-1.35.0-man",
              "default": true
            },
            {
              "name": "convert",
              "path": "/nix/store/ycw7xcc21v9ivxqbzhgwhiyn6p0nh6am-kubectl-1.35.0-convert"
            }
          ],
          "store_path": "/nix/store/ifqhf8f32873w5ad22z5cy56y9nlfhg6-kubectl-1.35.0"
        },
        "x86_64-linux": {
          "outputs": [
            {
              "name": "out",
              "path": "/nix/store/h9v5iqki1r1h3ngfzn2y2w935rrps3vg-kubectl-1.35.0",
              "default": true
            },
            {
              "name": "man",
              "path": "/nix/store/9dna59210pqjpb2sphv2ibasn8g9k65q-kubectl-1.35.0-man",
              "default": true
            },
            {
              "name": "convert",
              "path": "/nix/store/v3szgaqs6wb69b1vnjx8q7zf03zy0hph-kubectl-1.35.0-convert"
            }
          ],
          "store_path": "/nix/store/h9v5iqki1r1h3ngfzn2y2w935rrps3vg-kubectl-1.35.0"
        }
      }
    },
    "kubernetes-helm@3.19.1": {
      "last_modified": "2026-01-23T17:20:52Z",
      "resolved": "github:NixOS/nixpkgs/a1bab9e494f5f4939442a57a58d0449a109593fe#kubernetes-helm",
      "source": "devbox-search",
      "version": "3.19.1",
      "systems": {
        "aarch64-darwin": {
          "outputs": [
            {
              "name": "out",
              "path": "/nix/store/gw5jvq4r17iqh751g7v71svxb3ncq7si-kubernetes-helm-3.19.1",
              "default": true
            }
          ],
          "store_path": "/nix/store/gw5jvq4r17iqh751g7v71svxb3ncq7si-kubernetes-helm-3.19.1"
        },
        "aarch64-linux": {
          "outputs": [
            {
              "name": "out",
              "path": "/nix/store/j1fh4wfj0b1dk87q0irz73k8gcqhr2ak-kubernetes-helm-3.19.1",
              "default": true
            }
          ],
          "store_path": "/nix/store/j1fh4wfj0b1dk87q0irz73k8gcqhr2ak-kubernetes-helm-3.19.1"
        },
        "x86_64-darwin": {
          "outputs": [
            {
              "name": "out",
              "path": "/nix/store/9g0nwl9nrf2rjs4kgz6yclr335jdq1r5-kubernetes-helm-3.19.1",
              "default": true
            }
          ],
          "store_path": "/nix/store/9g0nwl9nrf2rjs4kgz6yclr335jdq1r5-kubernetes-helm-3.19.1"
        },
        "x86_64-linux": {
          "outputs": [
            {
              "name": "out",
              "path": "/nix/store/n4np4p37d3k0nw0h4v9vvyrk8hj0qly0-kubernetes-helm-3.19.1",
              "default": true
            }
          ],
          "store_path": "/nix/store/n4np4p37d3k0nw0h4v9vvyrk8hj0qly0-kubernetes-helm-3.19.1"
        }
      }
    },
    "kustomize@5.8.0": {
      "last_modified": "2026-01-23T17:20:52Z",
      "resolved": "github:NixOS/nixpkgs/a1bab9e494f5f4939442a57a58d0449a109593fe#kustomize",
      "source": "devbox-search",
      "version": "5.8.0",
      "systems": {
        "aarch64-darwin": {
          "outputs": [
            {
              "name": "out",
              "path": "/nix/store/1jsi4vib5i93211xjmidag2v4ms6ad01-kustomize-5.8.0",
              "default": true
            }
          ],
          "store_path": "/nix/store/1jsi4vib5i93211xjmidag2v4ms6ad01-kustomize-5.8.0"
        },
        "aarch64-linux": {
          "outputs": [
            {
              "name": "out",
              "path": "/nix/store/0x4jksb2wfci0qb1415afvffx3cclr5a-kustomize-5.8.0",
              "default": true
            }
          ],
          "store_path": "/nix/store/0x4jksb2wfci0qb1415afvffx3cclr5a-kustomize-5.8.0"
        },
        "x86_64-darwin": {
          "outputs": [
            {
              "name": "out",
              "path": "/nix/store/if4b679gapwpn9fiz4hqakdb7m6n7gbl-kustomize-5.8.0",
              "default": true
            }
          ],
          "store_path": "/nix/store/if4b679gapwpn9fiz4hqakdb7m6n7gbl-kustomize-5.8.0"
        },
        "x86_64-linux": {
          "outputs": [
            {
              "name": "out",
              "path": "/nix/store/hfcikvrjjd72cs0p8sv11b4kblfjpwif-kustomize-5.8.0",
              "default": true
            }
          ],
          "store_path": "/nix/store/hfcikvrjjd72cs0p8sv11b4kblfjpwif-kustomize-5.8.0"
        }
      }
    },
    "kyverno-chainsaw@0.2.14": {
      "last_modified": "2026-01-23T17:20:52Z",
      "resolved": "github:NixOS/nixpkgs/a1bab9e494f5f4939442a57a58d0449a109593fe#kyverno-chainsaw",
      "source": "devbox-search",
      "version": "0.2.14",
      "systems": {
        "aarch64-darwin": {
          "outputs": [
            {
              "name": "out",
              "path": "/nix/store/bdq5h9wqyg7xa6xwjy0qip8apcb4az7d-kyverno-chainsaw-0.2.14",
              "default": true
            }
          ],
          "store_path": "/nix/store/bdq5h9wqyg7xa6xwjy0qip8apcb4az7d-kyverno-chainsaw-0.2.14"
        },
        "aarch64-linux": {
          "outputs": [
            {
              "name": "out",
              "path": "/nix/store/qjysl6aj6916fqbpg9f8wfxv4h9sf17p-kyverno-chainsaw-0.2.14",
              "default": true
            }
          ],
          "store_path": "/nix/store/qjysl6aj6916fqbpg9f8wfxv4h9sf17p-kyverno-chainsaw-0.2.14"
        },
        "x86_64-darwin": {
          "outputs": [
            {
              "name": "out",
              "path": "/nix/store/zrncsm3n3xqfcsdkf2dhifnxz2m7b1ix-kyverno-chainsaw-0.2.14",
              "default": true
            }
          ],
          "store_path": "/nix/store/zrncsm3n3xqfcsdkf2dhifnxz2m7b1ix-kyverno-chainsaw-0.2.14"
        },
        "x86_64-linux": {
          "outputs": [
            {
              "name": "out",
              "path": "/nix/store/mf7gpbgdfxnvdc4x670901fyakpk64vx-kyverno-chainsaw-0.2.14",
              "default": true
            }
          ],
          "store_path": "/nix/store/mf7gpbgdfxnvdc4x670901fyakpk64vx-kyverno-chainsaw-0.2.14"
        }
      }
    },
    "mdbook-admonish@1.20.0": {
      "last_modified": "2026-01-23T17:20:52Z",
      "resolved": "github:NixOS/nixpkgs/a1bab9e494f5f4939442a57a58d0449a109593fe#mdbook-admonish",
      "source": "devbox-search",
      "version": "1.20.0",
      "systems": {
        "aarch64-darwin": {
          "outputs": [
            {
              "name": "out",
              "path": "/nix/store/r69w4lvf8v2afi8lx9awvx9bxsznbx54-mdbook-admonish-1.20.0",
              "default": true
            }
          ],
          "store_path": "/nix/store/r69w4lvf8v2afi8lx9awvx9bxsznbx54-mdbook-admonish-1.20.0"
        },
        "aarch64-linux": {
          "outputs": [
            {
              "name": "out",
              "path": "/nix/store/1qzggrn1qnk0z4kjnr2b8hm78wyni9pr-mdbook-admonish-1.20.0",
              "default": true
            }
          ],
          "store_path": "/nix/store/1qzggrn1qnk0z4kjnr2b8hm78wyni9pr-mdbook-admonish-1.20.0"
        },
        "x86_64-darwin": {
          "outputs": [
            {
              "name": "out",
              "path": "/nix/store/c4m7xvb9asihr3w8nbm6gn7kqkq3g9gc-mdbook-admonish-1.20.0",
              "default": true
            }
          ],
          "store_path": "/nix/store/c4m7xvb9asihr3w8nbm6gn7kqkq3g9gc-mdbook-admonish-1.20.0"
        },
        "x86_64-linux": {
          "outputs": [
            {
              "name": "out",
              "path": "/nix/store/wracjz2fisw1zp072gmyq5jhvw87z8z2-mdbook-admonish-1.20.0",
              "default": true
            }
          ],
          "store_path": "/nix/store/wracjz2fisw1zp072gmyq5jhvw87z8z2-mdbook-admonish-1.20.0"
        }
      }
    },
    "mdbook@0.5.2": {
      "last_modified": "2026-01-23T17:20:52Z",
      "resolved": "github:NixOS/nixpkgs/a1bab9e494f5f4939442a57a58d0449a109593fe#mdbook",
      "source": "devbox-search",
      "version": "0.5.2",
      "systems": {
        "aarch64-darwin": {
          "outputs": [
            {
              "name": "out",
              "path": "/nix/store/5vnn3i04yfm9qj71ngfdd8awv7nkh98n-mdbook-0.5.2",
              "default": true
            }
          ],
          "store_path": "/nix/store/5vnn3i04yfm9qj71ngfdd8awv7nkh98n-mdbook-0.5.2"
        },
        "aarch64-linux": {
          "outputs": [
            {
              "name": "out",
              "path": "/nix/store/yy2hjv287yfppg0q5bfbw98n3qvnvylb-mdbook-0.5.2",
              "default": true
            }
          ],
          "store_path": "/nix/store/yy2hjv287yfppg0q5bfbw98n3qvnvylb-mdbook-0.5.2"
        },
        "x86_64-darwin": {
          "outputs": [
            {
              "name": "out",
              "path": "/nix/store/xigk0d1xnx7diz4zws11fik0r63n8lvh-mdbook-0.5.2",
              "default": true
            }
          ],
          "store_path": "/nix/store/xigk0d1xnx7diz4zws11fik0r63n8lvh-mdbook-0.5.2"
        },
        "x86_64-linux": {
          "outputs": [
            {
              "name": "out",
              "path": "/nix/store/0j472hdyg6n40gajm6ii2c5k4mcynnsb-mdbook-0.5.2",
              "default": true
            }
          ],
          "store_path": "/nix/store/0j472hdyg6n40gajm6ii2c5k4mcynnsb-mdbook-0.5.2"
        }
      }
    },
    "mockgen@1.6.0": {
      "last_modified": "2023-12-13T22:54:10Z",
      "resolved": "github:NixOS/nixpkgs/fd04bea4cbf76f86f244b9e2549fca066db8ddff#mockgen",
      "source": "devbox-search",
      "version": "1.6.0",
      "systems": {
        "aarch64-darwin": {
          "outputs": [
            {
              "name": "out",
              "path": "/nix/store/8jsr1j1h8g3k3j5rg8vv79aviffxrfny-mockgen-1.6.0",
              "default": true
            }
          ],
          "store_path": "/nix/store/8jsr1j1h8g3k3j5rg8vv79aviffxrfny-mockgen-1.6.0"
        },
        "aarch64-linux": {
          "outputs": [
            {
              "name": "out",
              "path": "/nix/store/34rrlc5lz43mibljdd7ai0qyi7zcq4ic-mockgen-1.6.0",
              "default": true
            }
          ],
          "store_path": "/nix/store/34rrlc5lz43mibljdd7ai0qyi7zcq4ic-mockgen-1.6.0"
        },
        "x86_64-darwin": {
          "outputs": [
            {
              "name": "out",
              "path": "/nix/store/cj1r5vllmiq7fh4izsmlacjrdkw2h4b5-mockgen-1.6.0",
              "default": true
            }
          ],
          "store_path": "/nix/store/cj1r5vllmiq7fh4izsmlacjrdkw2h4b5-mockgen-1.6.0"
        },
        "x86_64-linux": {
          "outputs": [
            {
              "name": "out",
              "path": "/nix/store/hs49h3p9ss5f5bqv6phgsx93s4cawif2-mockgen-1.6.0",
              "default": true
            }
          ],
          "store_path": "/nix/store/hs49h3p9ss5f5bqv6phgsx93s4cawif2-mockgen-1.6.0"
        }
      }
    },
    "nilaway@0-unstable-2025-03-07": {
      "last_modified": "2026-01-23T17:20:52Z",
      "resolved": "github:NixOS/nixpkgs/a1bab9e494f5f4939442a57a58d0449a109593fe#nilaway",
      "source": "devbox-search",
      "version": "0-unstable-2025-03-07",
      "systems": {
        "aarch64-darwin": {
          "outputs": [
            {
              "name": "out",
              "path": "/nix/store/avrmhxsi140bdcvimyvav50f8x2ig5kb-nilaway-0-unstable-2025-03-07",
              "default": true
            }
          ],
          "store_path": "/nix/store/avrmhxsi140bdcvimyvav50f8x2ig5kb-nilaway-0-unstable-2025-03-07"
        },
        "aarch64-linux": {
          "outputs": [
            {
              "name": "out",
              "path": "/nix/store/v1qfbwvjk7lmkpyp3d0f443sq196dwjj-nilaway-0-unstable-2025-03-07",
              "default": true
            }
          ],
          "store_path": "/nix/store/v1qfbwvjk7lmkpyp3d0f443sq196dwjj-nilaway-0-unstable-2025-03-07"
        },
        "x86_64-darwin": {
          "outputs": [
            {
              "name": "out",
              "path": "/nix/store/4kwqfj9r1dymhicr51afkj8gfnxynq4v-nilaway-0-unstable-2025-03-07",
              "default": true
            }
          ],
          "store_path": "/nix/store/4kwqfj9r1dymhicr51afkj8gfnxynq4v-nilaway-0-unstable-2025-03-07"
        },
        "x86_64-linux": {
          "outputs": [
            {
              "name": "out",
              "path": "/nix/store/0fsd0a4qfcd2shy8707vay642wnzi8c2-nilaway-0-unstable-2025-03-07",
              "default": true
            }
          ],
          "store_path": "/nix/store/0fsd0a4qfcd2shy8707vay642wnzi8c2-nilaway-0-unstable-2025-03-07"
        }
      }
    },
    "tilt@0.36.0": {
      "last_modified": "2026-01-23T17:20:52Z",
      "resolved": "github:NixOS/nixpkgs/a1bab9e494f5f4939442a57a58d0449a109593fe#tilt",
      "source": "devbox-search",
      "version": "0.36.0",
      "systems": {
        "aarch64-darwin": {
          "outputs": [
            {
              "name": "out",
              "path": "/nix/store/59j4kdg7rz1sb2xlcsg9mpzx2acl2rqc-tilt-0.36.0",
              "default": true
            }
          ],
          "store_path": "/nix/store/59j4kdg7rz1sb2xlcsg9mpzx2acl2rqc-tilt-0.36.0"
        },
        "aarch64-linux": {
          "outputs": [
            {
              "name": "out",
              "path": "/nix/store/vx1w7pvq4sf8dlrfrgmx6fmgdgjz611y-tilt-0.36.0",
              "default": true
            }
          ],
          "store_path": "/nix/store/vx1w7pvq4sf8dlrfrgmx6fmgdgjz611y-tilt-0.36.0"
        },
        "x86_64-darwin": {
          "outputs": [
            {
              "name": "out",
              "path": "/nix/store/5j4d4v367y3h1nj3v5p6c2wxhdvnqvw7-tilt-0.36.0",
              "default": true
            }
          ],
          "store_path": "/nix/store/5j4d4v367y3h1nj3v5p6c2wxhdvnqvw7-tilt-0.36.0"
        },
        "x86_64-linux": {
          "outputs": [
            {
              "name": "out",
              "path": "/nix/store/jbjakkxrns9i2ffcgcdj7pcfddfgf09n-tilt-0.36.0",
              "default": true
            }
          ],
          "store_path": "/nix/store/jbjakkxrns9i2ffcgcdj7pcfddfgf09n-tilt-0.36.0"
        }
      }
    }
  }
}
