{
  "lockfile_version": "1",
  "packages": {
    "clusterctl@latest": {
      "last_modified": "2024-02-26T19:46:43Z",
      "resolved": "github:NixOS/nixpkgs/548a86b335d7ecd8b57ec617781f5e652ab0c38e#clusterctl",
      "source": "devbox-search",
      "version": "1.6.1",
      "systems": {
        "aarch64-darwin": {
          "store_path": "/nix/store/dsnxs9cvgk0nxypa1gxwi6v2csr9z9kr-clusterctl-1.6.1"
        },
        "aarch64-linux": {
          "store_path": "/nix/store/4192536b0006xzdypinzssf9fyvinzaj-clusterctl-1.6.1"
        },
        "x86_64-darwin": {
          "store_path": "/nix/store/z9lz8vsdnl2q313a6qdcmj86x4dswa7j-clusterctl-1.6.1"
        },
        "x86_64-linux": {
          "store_path": "/nix/store/n4h0n7w151kg5dln7zq48q8sxlmmyg65-clusterctl-1.6.1"
        }
      }
    },
    "ctlptl@latest": {
      "last_modified": "2024-02-26T19:46:43Z",
      "resolved": "github:NixOS/nixpkgs/548a86b335d7ecd8b57ec617781f5e652ab0c38e#ctlptl",
      "source": "devbox-search",
      "version": "0.8.27",
      "systems": {
        "aarch64-darwin": {
          "store_path": "/nix/store/pzgmw4nzd8zcjhkxdi0f0473vb9lrfjh-ctlptl-0.8.27"
        },
        "aarch64-linux": {
          "store_path": "/nix/store/rfhws62vfm7zsbrh6435fcx74wq4z3rz-ctlptl-0.8.27"
        },
        "x86_64-darwin": {
          "store_path": "/nix/store/ffq3bbl80zs03mw53zzgcik2fnm8h8g8-ctlptl-0.8.27"
        },
        "x86_64-linux": {
          "store_path": "/nix/store/la0cf2g6qrsa43iihysm6c63rwj2dr50-ctlptl-0.8.27"
        }
      }
    },
    "docker@latest": {
      "last_modified": "2024-02-26T19:46:43Z",
      "resolved": "github:NixOS/nixpkgs/548a86b335d7ecd8b57ec617781f5e652ab0c38e#docker",
      "source": "devbox-search",
      "version": "24.0.5",
      "systems": {
        "aarch64-darwin": {
          "store_path": "/nix/store/m11spa8vqz4mfxzz25r52q99c4im71az-docker-24.0.5"
        },
        "aarch64-linux": {
          "store_path": "/nix/store/yyy9bffh6dx6664q5qmix75igcw3lnzp-docker-24.0.5"
        },
        "x86_64-darwin": {
          "store_path": "/nix/store/b8pbfaamqfqb6j0c5zbl6h0i7qgspzwk-docker-24.0.5"
        },
        "x86_64-linux": {
          "store_path": "/nix/store/0kkrjrgkq3h9nsnh0j03c3xp33rj3l3l-docker-24.0.5"
        }
      }
    },
    "go-tools@latest": {
      "last_modified": "2024-02-26T19:46:43Z",
      "resolved": "github:NixOS/nixpkgs/548a86b335d7ecd8b57ec617781f5e652ab0c38e#go-tools",
      "source": "devbox-search",
      "version": "2023.1.7",
      "systems": {
        "aarch64-darwin": {
          "store_path": "/nix/store/rl80in8hbi1rhz9ih6shyy8faxk0mmz8-go-tools-2023.1.7"
        },
        "aarch64-linux": {
          "store_path": "/nix/store/82cwimrkpyjhqx7wfnilr46a2nlqjana-go-tools-2023.1.7"
        },
        "x86_64-darwin": {
          "store_path": "/nix/store/z7y51ka323njb7xjza1lkj75bs8v2prx-go-tools-2023.1.7"
        },
        "x86_64-linux": {
          "store_path": "/nix/store/49qp9pm1nm6vq4jhcxagary4xfwa7hkb-go-tools-2023.1.7"
        }
      }
    },
    "go@1.22": {
      "last_modified": "2024-02-26T19:46:43Z",
      "resolved": "github:NixOS/nixpkgs/548a86b335d7ecd8b57ec617781f5e652ab0c38e#go_1_22",
      "source": "devbox-search",
      "version": "1.22.0",
      "systems": {
        "aarch64-darwin": {
          "store_path": "/nix/store/sbg2nmns0b8invf6ws8yid0gdak18w4d-go-1.22.0"
        },
        "aarch64-linux": {
          "store_path": "/nix/store/48bhxp3lncnmss2i3f44k3r7wgcm0ijk-go-1.22.0"
        },
        "x86_64-darwin": {
          "store_path": "/nix/store/3xay4cky9vhc2ir4prv53n5gbgal0nlj-go-1.22.0"
        },
        "x86_64-linux": {
          "store_path": "/nix/store/8yw3g52r95h7cv09lcrran92n212997b-go-1.22.0"
        }
      }
    },
    "golangci-lint@latest": {
      "last_modified": "2024-02-24T23:06:34Z",
      "resolved": "github:NixOS/nixpkgs/9a9dae8f6319600fa9aebde37f340975cab4b8c0#golangci-lint",
      "source": "devbox-search",
      "version": "1.56.2",
      "systems": {
        "aarch64-darwin": {
          "store_path": "/nix/store/fs44z0nysjiwl2sj2m9x70dbrx2lbyhh-golangci-lint-1.56.2"
        },
        "aarch64-linux": {
          "store_path": "/nix/store/bs18c2bx56b6xnpf49wb5kzi3vynbqmx-golangci-lint-1.56.2"
        },
        "x86_64-darwin": {
          "store_path": "/nix/store/1xhl4b3nk3npq70d651vg4bamfg8xyga-golangci-lint-1.56.2"
        },
        "x86_64-linux": {
          "store_path": "/nix/store/kc58bqdmjdc6mfilih5pywprs7r7lxrw-golangci-lint-1.56.2"
        }
      }
    },
    "govulncheck@latest": {
      "last_modified": "2024-02-26T19:46:43Z",
      "resolved": "github:NixOS/nixpkgs/548a86b335d7ecd8b57ec617781f5e652ab0c38e#govulncheck",
      "source": "devbox-search",
      "version": "1.0.4",
      "systems": {
        "aarch64-darwin": {
          "store_path": "/nix/store/15lqmyig9nh8iza51gi9v10v5k4490af-govulncheck-1.0.4"
        },
        "aarch64-linux": {
          "store_path": "/nix/store/dqx5xxy9mgx6hhxd0azhj5wvmv8rfqbi-govulncheck-1.0.4"
        },
        "x86_64-darwin": {
          "store_path": "/nix/store/4hlnna6hw7lms7z0q2hjz9w9wgj9irpq-govulncheck-1.0.4"
        },
        "x86_64-linux": {
          "store_path": "/nix/store/ilnckpiddwnaaacan0sdvgdb5274h60h-govulncheck-1.0.4"
        }
      }
    },
    "husky@latest": {
      "last_modified": "2024-02-26T19:46:43Z",
      "resolved": "github:NixOS/nixpkgs/548a86b335d7ecd8b57ec617781f5e652ab0c38e#husky",
      "source": "devbox-search",
      "version": "8.0.3",
      "systems": {
        "aarch64-darwin": {
          "store_path": "/nix/store/dcx2aday763r9bglma20n2gpidi4bx0q-husky-8.0.3"
        },
        "aarch64-linux": {
          "store_path": "/nix/store/6fvj26syiwy2ijy3x12jj37r43mdcw7h-husky-8.0.3"
        },
        "x86_64-darwin": {
          "store_path": "/nix/store/b57ahdhgx1w62i111b4q1373i0d5byyq-husky-8.0.3"
        },
        "x86_64-linux": {
          "store_path": "/nix/store/j8lqici76iknfpr5nf90kvbak1yc0a0i-husky-8.0.3"
        }
      }
    },
    "kind@latest": {
      "last_modified": "2024-02-26T19:46:43Z",
      "resolved": "github:NixOS/nixpkgs/548a86b335d7ecd8b57ec617781f5e652ab0c38e#kind",
      "source": "devbox-search",
      "version": "0.22.0",
      "systems": {
        "aarch64-darwin": {
          "store_path": "/nix/store/s1p8n64s110a0c8px2d5k3d69lza5qzq-kind-0.22.0"
        },
        "aarch64-linux": {
          "store_path": "/nix/store/cskgcb61xxqjvc24h6x2qdjlx7in9z94-kind-0.22.0"
        },
        "x86_64-darwin": {
          "store_path": "/nix/store/5z2dird3mwkikxli3l108bd2nyqqm97m-kind-0.22.0"
        },
        "x86_64-linux": {
          "store_path": "/nix/store/8i78jy3332ja1i5knwdi88240i90f69z-kind-0.22.0"
        }
      }
    },
    "kubernetes-controller-tools@latest": {
      "last_modified": "2024-03-08T13:51:52Z",
      "resolved": "github:NixOS/nixpkgs/a343533bccc62400e8a9560423486a3b6c11a23b#kubernetes-controller-tools",
      "source": "devbox-search",
      "version": "0.14.0",
      "systems": {
        "aarch64-darwin": {
          "outputs": [
            {
              "name": "out",
              "path": "/nix/store/jblk86f5bi2dwg2w8g42xl9mpw1yrbi4-controller-tools-0.14.0",
              "default": true
            }
          ],
          "store_path": "/nix/store/jblk86f5bi2dwg2w8g42xl9mpw1yrbi4-controller-tools-0.14.0"
        },
        "aarch64-linux": {
          "outputs": [
            {
              "name": "out",
              "path": "/nix/store/sq48wn8yyqkya8as690h61d1dlxwlkbi-controller-tools-0.14.0",
              "default": true
            }
          ],
          "store_path": "/nix/store/sq48wn8yyqkya8as690h61d1dlxwlkbi-controller-tools-0.14.0"
        },
        "x86_64-darwin": {
          "outputs": [
            {
              "name": "out",
              "path": "/nix/store/nm2vx0f6ajmqpbi2c6z8wani5f1fdqb4-controller-tools-0.14.0",
              "default": true
            }
          ],
          "store_path": "/nix/store/nm2vx0f6ajmqpbi2c6z8wani5f1fdqb4-controller-tools-0.14.0"
        },
        "x86_64-linux": {
          "outputs": [
            {
              "name": "out",
              "path": "/nix/store/f8h9pj08ksm49v980yb0slzrbpqqc98r-controller-tools-0.14.0",
              "default": true
            }
          ],
          "store_path": "/nix/store/f8h9pj08ksm49v980yb0slzrbpqqc98r-controller-tools-0.14.0"
        }
      }
    },
    "kustomize@latest": {
      "last_modified": "2024-02-26T19:46:43Z",
      "resolved": "github:NixOS/nixpkgs/548a86b335d7ecd8b57ec617781f5e652ab0c38e#kustomize",
      "source": "devbox-search",
      "version": "5.3.0",
      "systems": {
        "aarch64-darwin": {
          "store_path": "/nix/store/br6l7r8k5yg89r82mhn73pq6xk88jdkg-kustomize-5.3.0"
        },
        "aarch64-linux": {
          "store_path": "/nix/store/0r73szkj7dfvanhb3ii1sz9xl4ccn2xp-kustomize-5.3.0"
        },
        "x86_64-darwin": {
          "store_path": "/nix/store/jrvqy04lpvmmv6wfi69913bxal3a8b8r-kustomize-5.3.0"
        },
        "x86_64-linux": {
          "store_path": "/nix/store/dqsr15h8hv2rhc57r4z62ysrbpp6dpi3-kustomize-5.3.0"
        }
      }
    },
    "kuttl@latest": {
      "last_modified": "2024-02-26T19:46:43Z",
      "resolved": "github:NixOS/nixpkgs/548a86b335d7ecd8b57ec617781f5e652ab0c38e#kuttl",
      "source": "devbox-search",
      "version": "0.15.0",
      "systems": {
        "aarch64-darwin": {
          "store_path": "/nix/store/mwkilgxdr8ls03qamkab76vyw6lmjql7-kuttl-0.15.0"
        },
        "aarch64-linux": {
          "store_path": "/nix/store/9hd0s54whwws66nn18vr8d6m6x2hhv9f-kuttl-0.15.0"
        },
        "x86_64-darwin": {
          "store_path": "/nix/store/djnx6iw7d52h9wjs8dypxfsdrqrs3c27-kuttl-0.15.0"
        },
        "x86_64-linux": {
          "store_path": "/nix/store/0cwpsdz70z1xfwqnjrmbij9h9cng34bb-kuttl-0.15.0"
        }
      }
    },
    "kyverno-chainsaw@latest": {
      "last_modified": "2024-03-17T01:03:25Z",
      "resolved": "github:NixOS/nixpkgs/299d4668ba61600311553920d9fd9c102145b2cb#kyverno-chainsaw",
      "source": "devbox-search",
      "version": "0.1.9",
      "systems": {
        "aarch64-darwin": {
          "outputs": [
            {
              "name": "out",
              "path": "/nix/store/fnm4za9fnq10q8l535bhg0gfx2ixws7m-kyverno-chainsaw-0.1.9",
              "default": true
            }
          ],
          "store_path": "/nix/store/fnm4za9fnq10q8l535bhg0gfx2ixws7m-kyverno-chainsaw-0.1.9"
        },
        "aarch64-linux": {
          "outputs": [
            {
              "name": "out",
              "path": "/nix/store/qy0dpkapp6yw92kxhkixmz7crwgmm23p-kyverno-chainsaw-0.1.9",
              "default": true
            }
          ],
          "store_path": "/nix/store/qy0dpkapp6yw92kxhkixmz7crwgmm23p-kyverno-chainsaw-0.1.9"
        },
        "x86_64-darwin": {
          "outputs": [
            {
              "name": "out",
              "path": "/nix/store/660ps3ll008jfmvb5zx8lnq785wlqi4q-kyverno-chainsaw-0.1.9",
              "default": true
            }
          ],
          "store_path": "/nix/store/660ps3ll008jfmvb5zx8lnq785wlqi4q-kyverno-chainsaw-0.1.9"
        },
        "x86_64-linux": {
          "outputs": [
            {
              "name": "out",
              "path": "/nix/store/ar8sgxvjvdsb0vy6l00ld2sm6r1yyzrx-kyverno-chainsaw-0.1.9",
              "default": true
            }
          ],
          "store_path": "/nix/store/ar8sgxvjvdsb0vy6l00ld2sm6r1yyzrx-kyverno-chainsaw-0.1.9"
        }
      }
    },
    "mdbook-admonish@latest": {
      "last_modified": "2024-02-26T19:46:43Z",
      "resolved": "github:NixOS/nixpkgs/548a86b335d7ecd8b57ec617781f5e652ab0c38e#mdbook-admonish",
      "source": "devbox-search",
      "version": "1.15.0",
      "systems": {
        "aarch64-darwin": {
          "store_path": "/nix/store/v46zx0znvyh23h3b1768cnaf5chf6ihg-mdbook-admonish-1.15.0"
        },
        "aarch64-linux": {
          "store_path": "/nix/store/sx97978s61a4n817sn3ryv7wrkdr3cxr-mdbook-admonish-1.15.0"
        },
        "x86_64-darwin": {
          "store_path": "/nix/store/86s6a1rk9jr1k3kkwxbm213isf3qlp1y-mdbook-admonish-1.15.0"
        },
        "x86_64-linux": {
          "store_path": "/nix/store/0s98fvna4drhbwx34szxmwslg1p0q449-mdbook-admonish-1.15.0"
        }
      }
    },
    "mdbook@latest": {
      "last_modified": "2024-02-26T19:46:43Z",
      "resolved": "github:NixOS/nixpkgs/548a86b335d7ecd8b57ec617781f5e652ab0c38e#mdbook",
      "source": "devbox-search",
      "version": "0.4.37",
      "systems": {
        "aarch64-darwin": {
          "store_path": "/nix/store/0d5vrclykimr2sl2p04rwhgxcvvhzyvj-mdbook-0.4.37"
        },
        "aarch64-linux": {
          "store_path": "/nix/store/r2jqs4vrz6xikjp4n3invkpnmpvhhpmn-mdbook-0.4.37"
        },
        "x86_64-darwin": {
          "store_path": "/nix/store/l6h828c1nijg3r7n3wb0r8akm10kp5ns-mdbook-0.4.37"
        },
        "x86_64-linux": {
          "store_path": "/nix/store/0zzhqdp1nhhmz0ljx9nxhkimhgqyr4rm-mdbook-0.4.37"
        }
      }
    },
    "mockgen@latest": {
      "last_modified": "2024-02-24T23:06:34Z",
      "resolved": "github:NixOS/nixpkgs/9a9dae8f6319600fa9aebde37f340975cab4b8c0#mockgen",
      "source": "devbox-search",
      "version": "0.4.0",
      "systems": {
        "aarch64-darwin": {
          "store_path": "/nix/store/mxdpm47nvdk6xqc35bpl8ddizga49i1x-mockgen-0.4.0"
        },
        "aarch64-linux": {
          "store_path": "/nix/store/ydq44fx1pp428s5lp5gd6lzcdy2idynl-mockgen-0.4.0"
        },
        "x86_64-darwin": {
          "store_path": "/nix/store/3qaik38wgyqca4ndrdfx1fvv44xd6igf-mockgen-0.4.0"
        },
        "x86_64-linux": {
          "store_path": "/nix/store/z6cz5hbdx40v7s1ba1a6gsc5xlrkwcp5-mockgen-0.4.0"
        }
      }
    },
    "nilaway@latest": {
      "last_modified": "2024-02-26T19:46:43Z",
      "resolved": "github:NixOS/nixpkgs/548a86b335d7ecd8b57ec617781f5e652ab0c38e#nilaway",
      "source": "devbox-search",
      "version": "2023-11-17",
      "systems": {
        "aarch64-darwin": {
          "store_path": "/nix/store/2623545f3415n0k4b91zp1lamvpwdrgq-nilaway-unstable-2023-11-17"
        },
        "aarch64-linux": {
          "store_path": "/nix/store/kb8kv7dzg650nj06db3bsr5d3fimx9i3-nilaway-unstable-2023-11-17"
        },
        "x86_64-darwin": {
          "store_path": "/nix/store/rcvslaq3lhsk390agwavqk3ksa99xcz1-nilaway-unstable-2023-11-17"
        },
        "x86_64-linux": {
          "store_path": "/nix/store/nvrg27cxp5zdkm1cf8f8ii08qzwfxzdl-nilaway-unstable-2023-11-17"
        }
      }
    },
    "tilt@latest": {
      "last_modified": "2024-02-26T19:46:43Z",
      "resolved": "github:NixOS/nixpkgs/548a86b335d7ecd8b57ec617781f5e652ab0c38e#tilt",
      "source": "devbox-search",
      "version": "0.33.10",
      "systems": {
        "aarch64-darwin": {
          "store_path": "/nix/store/k02diw3drc4k4pvzz60qaw5xvpi7ab58-tilt-0.33.10"
        },
        "aarch64-linux": {
          "store_path": "/nix/store/0d84k9iy3lnwn6sq6nq0mvnag1kgpb9w-tilt-0.33.10"
        },
        "x86_64-darwin": {
          "store_path": "/nix/store/6klsi6ps84y9zmhlkqld3nwsxamsfv5p-tilt-0.33.10"
        },
        "x86_64-linux": {
          "store_path": "/nix/store/q7llj2mx4l3yh7bq9824zsqwsbpz260z-tilt-0.33.10"
        }
      }
    }
  }
}
