{
  "lockfile_version": "1",
  "packages": {
    "clusterctl@latest": {
      "last_modified": "2025-09-18T16:33:27Z",
      "resolved": "github:NixOS/nixpkgs/f4b140d5b253f5e2a1ff4e5506edbf8267724bde#clusterctl",
      "source": "devbox-search",
      "version": "1.11.1",
      "systems": {
        "aarch64-darwin": {
          "outputs": [
            {
              "name": "out",
              "path": "/nix/store/00iyfkai9ya3banvaskivcrmy56k20qi-clusterctl-1.11.1",
              "default": true
            }
          ],
          "store_path": "/nix/store/00iyfkai9ya3banvaskivcrmy56k20qi-clusterctl-1.11.1"
        },
        "aarch64-linux": {
          "outputs": [
            {
              "name": "out",
              "path": "/nix/store/984vp8sncwdsyh0j9c1k79iqbhvzjwwx-clusterctl-1.11.1",
              "default": true
            }
          ],
          "store_path": "/nix/store/984vp8sncwdsyh0j9c1k79iqbhvzjwwx-clusterctl-1.11.1"
        },
        "x86_64-darwin": {
          "outputs": [
            {
              "name": "out",
              "path": "/nix/store/brrx4zdjwqk9dif4cq6dvnpv24lkbd8p-clusterctl-1.11.1",
              "default": true
            }
          ],
          "store_path": "/nix/store/brrx4zdjwqk9dif4cq6dvnpv24lkbd8p-clusterctl-1.11.1"
        },
        "x86_64-linux": {
          "outputs": [
            {
              "name": "out",
              "path": "/nix/store/fzrjqvjzfbgmfg6980h6psshkprbywlk-clusterctl-1.11.1",
              "default": true
            }
          ],
          "store_path": "/nix/store/fzrjqvjzfbgmfg6980h6psshkprbywlk-clusterctl-1.11.1"
        }
      }
    },
    "docker@latest": {
      "last_modified": "2025-09-18T16:33:27Z",
      "resolved": "github:NixOS/nixpkgs/f4b140d5b253f5e2a1ff4e5506edbf8267724bde#docker",
      "source": "devbox-search",
      "version": "28.3.3",
      "systems": {
        "aarch64-darwin": {
          "outputs": [
            {
              "name": "out",
              "path": "/nix/store/yhq84djizcvvhwcnkmwklgg2bgwcp6iq-docker-28.3.3",
              "default": true
            }
          ],
          "store_path": "/nix/store/yhq84djizcvvhwcnkmwklgg2bgwcp6iq-docker-28.3.3"
        },
        "aarch64-linux": {
          "outputs": [
            {
              "name": "out",
              "path": "/nix/store/95y15ihbnhr63k51x4rpa42p082ky6ia-docker-28.3.3",
              "default": true
            }
          ],
          "store_path": "/nix/store/95y15ihbnhr63k51x4rpa42p082ky6ia-docker-28.3.3"
        },
        "x86_64-darwin": {
          "outputs": [
            {
              "name": "out",
              "path": "/nix/store/rbf2x5dzickvx7s1n3gyd2gzhc1kizcp-docker-28.3.3",
              "default": true
            }
          ],
          "store_path": "/nix/store/rbf2x5dzickvx7s1n3gyd2gzhc1kizcp-docker-28.3.3"
        },
        "x86_64-linux": {
          "outputs": [
            {
              "name": "out",
              "path": "/nix/store/pl0xs3161aslw59ry1173shjffkb2wdb-docker-28.3.3",
              "default": true
            }
          ],
          "store_path": "/nix/store/pl0xs3161aslw59ry1173shjffkb2wdb-docker-28.3.3"
        }
      }
    },
    "github:NixOS/nixpkgs/nixpkgs-unstable": {
      "last_modified": "2025-10-05T02:43:53Z",
      "resolved": "github:NixOS/nixpkgs/d7f52a7a640bc54c7bb414cca603835bf8dd4b10?lastModified=1759632233&narHash=sha256-krgZxGAIIIKFJS%2BUB0l8do3sYUDWJc75M72tepmVMzE%3D"
    },
    "go-tools@latest": {
      "last_modified": "2025-09-18T16:33:27Z",
      "resolved": "github:NixOS/nixpkgs/f4b140d5b253f5e2a1ff4e5506edbf8267724bde#go-tools",
      "source": "devbox-search",
      "version": "2025.1.1",
      "systems": {
        "aarch64-darwin": {
          "outputs": [
            {
              "name": "out",
              "path": "/nix/store/a9g84xfpv2fclghbw2zd346wxkn8pfrk-go-tools-2025.1.1",
              "default": true
            }
          ],
          "store_path": "/nix/store/a9g84xfpv2fclghbw2zd346wxkn8pfrk-go-tools-2025.1.1"
        },
        "aarch64-linux": {
          "outputs": [
            {
              "name": "out",
              "path": "/nix/store/3x30sdf9ai0rxdcp2awdli89z72gipiy-go-tools-2025.1.1",
              "default": true
            }
          ],
          "store_path": "/nix/store/3x30sdf9ai0rxdcp2awdli89z72gipiy-go-tools-2025.1.1"
        },
        "x86_64-darwin": {
          "outputs": [
            {
              "name": "out",
              "path": "/nix/store/b968qmp7mrzgwff09cbz3bq6s8md9cnl-go-tools-2025.1.1",
              "default": true
            }
          ],
          "store_path": "/nix/store/b968qmp7mrzgwff09cbz3bq6s8md9cnl-go-tools-2025.1.1"
        },
        "x86_64-linux": {
          "outputs": [
            {
              "name": "out",
              "path": "/nix/store/1mpnrivqfwmzdwr6n4pwpy9wsx7slfh1-go-tools-2025.1.1",
              "default": true
            }
          ],
          "store_path": "/nix/store/1mpnrivqfwmzdwr6n4pwpy9wsx7slfh1-go-tools-2025.1.1"
        }
      }
    },
    "go@1.25": {
      "last_modified": "2025-08-08T08:05:48Z",
      "resolved": "github:NixOS/nixpkgs/a3f3e3f2c983e957af6b07a1db98bafd1f87b7a1#go_1_25",
      "source": "devbox-search",
      "version": "1.25rc3",
      "systems": {
        "aarch64-darwin": {
          "outputs": [
            {
              "name": "out",
              "path": "/nix/store/3h76v26b24dqxhd1i8gzcg8bwzxzmrhl-go-1.25rc3",
              "default": true
            }
          ],
          "store_path": "/nix/store/3h76v26b24dqxhd1i8gzcg8bwzxzmrhl-go-1.25rc3"
        },
        "aarch64-linux": {
          "outputs": [
            {
              "name": "out",
              "path": "/nix/store/1sy3nfyahk3a3pg5x301jx96yxg8sw3y-go-1.25rc3",
              "default": true
            }
          ],
          "store_path": "/nix/store/1sy3nfyahk3a3pg5x301jx96yxg8sw3y-go-1.25rc3"
        },
        "x86_64-darwin": {
          "outputs": [
            {
              "name": "out",
              "path": "/nix/store/vh7db8clgyymv47wsddpw908bbf1dikm-go-1.25rc3",
              "default": true
            }
          ],
          "store_path": "/nix/store/vh7db8clgyymv47wsddpw908bbf1dikm-go-1.25rc3"
        },
        "x86_64-linux": {
          "outputs": [
            {
              "name": "out",
              "path": "/nix/store/nbq04hs95dpiwmfnqiky5l4z8azbqj6i-go-1.25rc3",
              "default": true
            }
          ],
          "store_path": "/nix/store/nbq04hs95dpiwmfnqiky5l4z8azbqj6i-go-1.25rc3"
        }
      }
    },
    "jq@latest": {
      "last_modified": "2025-09-21T09:21:16Z",
      "resolved": "github:NixOS/nixpkgs/a1f79a1770d05af18111fbbe2a3ab2c42c0f6cd0#jq",
      "source": "devbox-search",
      "version": "1.8.1",
      "systems": {
        "aarch64-darwin": {
          "outputs": [
            {
              "name": "bin",
              "path": "/nix/store/8cadjdrc1gjc66ijgn2wnmfj6yajnxmb-jq-1.8.1-bin",
              "default": true
            },
            {
              "name": "man",
              "path": "/nix/store/11rdl4l7v5gswf5gdizk02jy39bw7bby-jq-1.8.1-man",
              "default": true
            },
            {
              "name": "out",
              "path": "/nix/store/i8v8j94vx41c1wfzp1n69ddbrrf192pq-jq-1.8.1"
            },
            {
              "name": "dev",
              "path": "/nix/store/vcjkcdi02h123i073sxma5kfhps9z2fd-jq-1.8.1-dev"
            },
            {
              "name": "doc",
              "path": "/nix/store/sbr5199a3y3vpx1kaphyl4nnjlpzzzym-jq-1.8.1-doc"
            }
          ],
          "store_path": "/nix/store/8cadjdrc1gjc66ijgn2wnmfj6yajnxmb-jq-1.8.1-bin"
        },
        "aarch64-linux": {
          "outputs": [
            {
              "name": "bin",
              "path": "/nix/store/ync89vi4g1xnkj4fxspc63zfvs7dk8aw-jq-1.8.1-bin",
              "default": true
            },
            {
              "name": "man",
              "path": "/nix/store/44k1613ynml3cgx5v9k6saqw994hqcl9-jq-1.8.1-man",
              "default": true
            },
            {
              "name": "out",
              "path": "/nix/store/hz4c9q3baf434zw2y0yzb3a5kkj3rhwl-jq-1.8.1"
            },
            {
              "name": "dev",
              "path": "/nix/store/194yri6cyqad6yvbhpqp5wswsppnsi7x-jq-1.8.1-dev"
            },
            {
              "name": "doc",
              "path": "/nix/store/cjmvz6ma3qnhdvapjf2yghw28lrah0ja-jq-1.8.1-doc"
            }
          ],
          "store_path": "/nix/store/ync89vi4g1xnkj4fxspc63zfvs7dk8aw-jq-1.8.1-bin"
        },
        "x86_64-darwin": {
          "outputs": [
            {
              "name": "bin",
              "path": "/nix/store/8kcm1dcivx14cp5z39wzma81jbrvaazs-jq-1.8.1-bin",
              "default": true
            },
            {
              "name": "man",
              "path": "/nix/store/88l2hgigy77vjgkdjps6l6vl8svxgaaa-jq-1.8.1-man",
              "default": true
            },
            {
              "name": "out",
              "path": "/nix/store/ladmn1j7zikwdmih15d8rfh7z550y1q2-jq-1.8.1"
            },
            {
              "name": "dev",
              "path": "/nix/store/wjxxw199ix3mkg8ms6k0hqfg7swxr2qv-jq-1.8.1-dev"
            },
            {
              "name": "doc",
              "path": "/nix/store/17mfk267mjhnvgbm03w0scsfq82a65na-jq-1.8.1-doc"
            }
          ],
          "store_path": "/nix/store/8kcm1dcivx14cp5z39wzma81jbrvaazs-jq-1.8.1-bin"
        },
        "x86_64-linux": {
          "outputs": [
            {
              "name": "bin",
              "path": "/nix/store/7jvwwz45qap70i6asxzcnbshhz88a5sv-jq-1.8.1-bin",
              "default": true
            },
            {
              "name": "man",
              "path": "/nix/store/laqc7c2c9j09vm1w58vmj633vc2wb3wv-jq-1.8.1-man",
              "default": true
            },
            {
              "name": "doc",
              "path": "/nix/store/j572lmsgrx4a9bim6gwlyn9mnlf67490-jq-1.8.1-doc"
            },
            {
              "name": "out",
              "path": "/nix/store/byi56qh6h63rdhfjh4plnyndfcpqx13p-jq-1.8.1"
            },
            {
              "name": "dev",
              "path": "/nix/store/5rp4imr3xn3qwwxpgmss2q9pj8bak9wy-jq-1.8.1-dev"
            }
          ],
          "store_path": "/nix/store/7jvwwz45qap70i6asxzcnbshhz88a5sv-jq-1.8.1-bin"
        }
      }
    },
    "kind@latest": {
      "last_modified": "2025-09-18T16:33:27Z",
      "resolved": "github:NixOS/nixpkgs/f4b140d5b253f5e2a1ff4e5506edbf8267724bde#kind",
      "source": "devbox-search",
      "version": "0.30.0",
      "systems": {
        "aarch64-darwin": {
          "outputs": [
            {
              "name": "out",
              "path": "/nix/store/f1zv1knf82xycmg383rgmyp83h61hnin-kind-0.30.0",
              "default": true
            }
          ],
          "store_path": "/nix/store/f1zv1knf82xycmg383rgmyp83h61hnin-kind-0.30.0"
        },
        "aarch64-linux": {
          "outputs": [
            {
              "name": "out",
              "path": "/nix/store/y6nb7p504s22yc5crh6mxqnxcvl2wbah-kind-0.30.0",
              "default": true
            }
          ],
          "store_path": "/nix/store/y6nb7p504s22yc5crh6mxqnxcvl2wbah-kind-0.30.0"
        },
        "x86_64-darwin": {
          "outputs": [
            {
              "name": "out",
              "path": "/nix/store/1hi5hxjdklrmjrvi9j142h1aakr458ia-kind-0.30.0",
              "default": true
            }
          ],
          "store_path": "/nix/store/1hi5hxjdklrmjrvi9j142h1aakr458ia-kind-0.30.0"
        },
        "x86_64-linux": {
          "outputs": [
            {
              "name": "out",
              "path": "/nix/store/myld9sswhrl252bjrr60nl2ls9338vf3-kind-0.30.0",
              "default": true
            }
          ],
          "store_path": "/nix/store/myld9sswhrl252bjrr60nl2ls9338vf3-kind-0.30.0"
        }
      }
    },
    "kubebuilder@4.2.0": {
      "last_modified": "2024-10-13T23:44:06Z",
      "resolved": "github:NixOS/nixpkgs/d4f247e89f6e10120f911e2e2d2254a050d0f732#kubebuilder",
      "source": "devbox-search",
      "version": "4.2.0",
      "systems": {
        "aarch64-darwin": {
          "outputs": [
            {
              "name": "out",
              "path": "/nix/store/0di273ha5772xcqy2virq8h2bpfjqazv-kubebuilder-4.2.0",
              "default": true
            }
          ],
          "store_path": "/nix/store/0di273ha5772xcqy2virq8h2bpfjqazv-kubebuilder-4.2.0"
        },
        "aarch64-linux": {
          "outputs": [
            {
              "name": "out",
              "path": "/nix/store/0x99jwbh1ssvhygmwy6f3vfnywd0mjcq-kubebuilder-4.2.0",
              "default": true
            }
          ],
          "store_path": "/nix/store/0x99jwbh1ssvhygmwy6f3vfnywd0mjcq-kubebuilder-4.2.0"
        },
        "x86_64-darwin": {
          "outputs": [
            {
              "name": "out",
              "path": "/nix/store/1wf2wgmhpb24a9v1bsfq529d49vafhqi-kubebuilder-4.2.0",
              "default": true
            }
          ],
          "store_path": "/nix/store/1wf2wgmhpb24a9v1bsfq529d49vafhqi-kubebuilder-4.2.0"
        },
        "x86_64-linux": {
          "outputs": [
            {
              "name": "out",
              "path": "/nix/store/b58vzhznmg6lj2qj37c1xnq0mivb491q-kubebuilder-4.2.0",
              "default": true
            }
          ],
          "store_path": "/nix/store/b58vzhznmg6lj2qj37c1xnq0mivb491q-kubebuilder-4.2.0"
        }
      }
    },
    "kubectl@latest": {
      "last_modified": "2025-09-18T16:33:27Z",
      "resolved": "github:NixOS/nixpkgs/f4b140d5b253f5e2a1ff4e5506edbf8267724bde#kubectl",
      "source": "devbox-search",
      "version": "1.33.4",
      "systems": {
        "aarch64-darwin": {
          "outputs": [
            {
              "name": "out",
              "path": "/nix/store/l9qa55xhnsif5bd8jc558pl2kraiwisx-kubectl-1.33.4",
              "default": true
            },
            {
              "name": "man",
              "path": "/nix/store/1ax04d2wdfp63df3gbjdsq523ql895yc-kubectl-1.33.4-man",
              "default": true
            },
            {
              "name": "convert",
              "path": "/nix/store/p7xb87g2vz00n97fhaaqwr9jdvcp5647-kubectl-1.33.4-convert"
            }
          ],
          "store_path": "/nix/store/l9qa55xhnsif5bd8jc558pl2kraiwisx-kubectl-1.33.4"
        },
        "aarch64-linux": {
          "outputs": [
            {
              "name": "out",
              "path": "/nix/store/a95sq4yvhbrh4njn49glnp2xmbd3k3q1-kubectl-1.33.4",
              "default": true
            },
            {
              "name": "man",
              "path": "/nix/store/5jnghhpmiympxr759s1pqbksg3gld6d8-kubectl-1.33.4-man",
              "default": true
            },
            {
              "name": "convert",
              "path": "/nix/store/5sxzhci6fxn8jv3x9xkab1jdb43ynpzr-kubectl-1.33.4-convert"
            }
          ],
          "store_path": "/nix/store/a95sq4yvhbrh4njn49glnp2xmbd3k3q1-kubectl-1.33.4"
        },
        "x86_64-darwin": {
          "outputs": [
            {
              "name": "out",
              "path": "/nix/store/417lxr3l5cy3m86iywhhrkbkx2j9y1xk-kubectl-1.33.4",
              "default": true
            },
            {
              "name": "man",
              "path": "/nix/store/q5gf3an5cmfzyl2wqw21ll01yfmjxm0j-kubectl-1.33.4-man",
              "default": true
            },
            {
              "name": "convert",
              "path": "/nix/store/2kfp817d37kbsrjh48f8l26hmf12b97z-kubectl-1.33.4-convert"
            }
          ],
          "store_path": "/nix/store/417lxr3l5cy3m86iywhhrkbkx2j9y1xk-kubectl-1.33.4"
        },
        "x86_64-linux": {
          "outputs": [
            {
              "name": "out",
              "path": "/nix/store/abp5rhv8vnij5k08m5id75vdq4nnkqqq-kubectl-1.33.4",
              "default": true
            },
            {
              "name": "man",
              "path": "/nix/store/75afy3w5985pck1f7bvwwq7gzawf9i9c-kubectl-1.33.4-man",
              "default": true
            },
            {
              "name": "convert",
              "path": "/nix/store/1yhls3wrancjn52md7552kyalbh7dd5b-kubectl-1.33.4-convert"
            }
          ],
          "store_path": "/nix/store/abp5rhv8vnij5k08m5id75vdq4nnkqqq-kubectl-1.33.4"
        }
      }
    },
    "kubernetes-helm@latest": {
      "last_modified": "2025-09-18T16:33:27Z",
      "resolved": "github:NixOS/nixpkgs/f4b140d5b253f5e2a1ff4e5506edbf8267724bde#kubernetes-helm",
      "source": "devbox-search",
      "version": "3.19.0",
      "systems": {
        "aarch64-darwin": {
          "outputs": [
            {
              "name": "out",
              "path": "/nix/store/8irl5599sb6a89qqa9y3mb8j4d2h2vm2-kubernetes-helm-3.19.0",
              "default": true
            }
          ],
          "store_path": "/nix/store/8irl5599sb6a89qqa9y3mb8j4d2h2vm2-kubernetes-helm-3.19.0"
        },
        "aarch64-linux": {
          "outputs": [
            {
              "name": "out",
              "path": "/nix/store/xqrwcjbk1mkp72y9gdqk0h770s7jfqwy-kubernetes-helm-3.19.0",
              "default": true
            }
          ],
          "store_path": "/nix/store/xqrwcjbk1mkp72y9gdqk0h770s7jfqwy-kubernetes-helm-3.19.0"
        },
        "x86_64-darwin": {
          "outputs": [
            {
              "name": "out",
              "path": "/nix/store/5k9n5ifg8j39wqgidmihxcw3jn03hr6x-kubernetes-helm-3.19.0",
              "default": true
            }
          ],
          "store_path": "/nix/store/5k9n5ifg8j39wqgidmihxcw3jn03hr6x-kubernetes-helm-3.19.0"
        },
        "x86_64-linux": {
          "outputs": [
            {
              "name": "out",
              "path": "/nix/store/xhdxsw1rkwpj4j1c020r9bii97n9d624-kubernetes-helm-3.19.0",
              "default": true
            }
          ],
          "store_path": "/nix/store/xhdxsw1rkwpj4j1c020r9bii97n9d624-kubernetes-helm-3.19.0"
        }
      }
    },
    "kyverno-chainsaw@latest": {
      "last_modified": "2025-09-18T16:33:27Z",
      "resolved": "github:NixOS/nixpkgs/f4b140d5b253f5e2a1ff4e5506edbf8267724bde#kyverno-chainsaw",
      "source": "devbox-search",
      "version": "0.2.12",
      "systems": {
        "aarch64-darwin": {
          "outputs": [
            {
              "name": "out",
              "path": "/nix/store/08vmlawy1r0mlwmyj3jxiqypg1vxda7c-kyverno-chainsaw-0.2.12",
              "default": true
            }
          ],
          "store_path": "/nix/store/08vmlawy1r0mlwmyj3jxiqypg1vxda7c-kyverno-chainsaw-0.2.12"
        },
        "aarch64-linux": {
          "outputs": [
            {
              "name": "out",
              "path": "/nix/store/vrr0s3rbkmfaamsai79z55rg0xh9wsk7-kyverno-chainsaw-0.2.12",
              "default": true
            }
          ],
          "store_path": "/nix/store/vrr0s3rbkmfaamsai79z55rg0xh9wsk7-kyverno-chainsaw-0.2.12"
        },
        "x86_64-darwin": {
          "outputs": [
            {
              "name": "out",
              "path": "/nix/store/7chr63kbhbhwavwz1vfb4ps5wpy6pq9h-kyverno-chainsaw-0.2.12",
              "default": true
            }
          ],
          "store_path": "/nix/store/7chr63kbhbhwavwz1vfb4ps5wpy6pq9h-kyverno-chainsaw-0.2.12"
        },
        "x86_64-linux": {
          "outputs": [
            {
              "name": "out",
              "path": "/nix/store/s97gmv2vjrsdx2kas1i2ichpn927a9zi-kyverno-chainsaw-0.2.12",
              "default": true
            }
          ],
          "store_path": "/nix/store/s97gmv2vjrsdx2kas1i2ichpn927a9zi-kyverno-chainsaw-0.2.12"
        }
      }
    },
    "mdbook-admonish@latest": {
      "last_modified": "2025-09-18T16:33:27Z",
      "resolved": "github:NixOS/nixpkgs/f4b140d5b253f5e2a1ff4e5506edbf8267724bde#mdbook-admonish",
      "source": "devbox-search",
      "version": "1.20.0",
      "systems": {
        "aarch64-darwin": {
          "outputs": [
            {
              "name": "out",
              "path": "/nix/store/n3q0a13khrghw38kciacly2qjfgmqs4y-mdbook-admonish-1.20.0",
              "default": true
            }
          ],
          "store_path": "/nix/store/n3q0a13khrghw38kciacly2qjfgmqs4y-mdbook-admonish-1.20.0"
        },
        "aarch64-linux": {
          "outputs": [
            {
              "name": "out",
              "path": "/nix/store/yrnbmahra5rds88g6h6l92acdb95cv3r-mdbook-admonish-1.20.0",
              "default": true
            }
          ],
          "store_path": "/nix/store/yrnbmahra5rds88g6h6l92acdb95cv3r-mdbook-admonish-1.20.0"
        },
        "x86_64-darwin": {
          "outputs": [
            {
              "name": "out",
              "path": "/nix/store/2hswjb6hdsbhnk9hdnpkb8x39nlbhkqf-mdbook-admonish-1.20.0",
              "default": true
            }
          ],
          "store_path": "/nix/store/2hswjb6hdsbhnk9hdnpkb8x39nlbhkqf-mdbook-admonish-1.20.0"
        },
        "x86_64-linux": {
          "outputs": [
            {
              "name": "out",
              "path": "/nix/store/qh75syf4v79nqw2hx18pi0biiavx75i6-mdbook-admonish-1.20.0",
              "default": true
            }
          ],
          "store_path": "/nix/store/qh75syf4v79nqw2hx18pi0biiavx75i6-mdbook-admonish-1.20.0"
        }
      }
    },
    "mdbook@latest": {
      "last_modified": "2025-09-18T16:33:27Z",
      "resolved": "github:NixOS/nixpkgs/f4b140d5b253f5e2a1ff4e5506edbf8267724bde#mdbook",
      "source": "devbox-search",
      "version": "0.4.52",
      "systems": {
        "aarch64-darwin": {
          "outputs": [
            {
              "name": "out",
              "path": "/nix/store/1gkf9hcky95s6hf24w9icanplnhg89iy-mdbook-0.4.52",
              "default": true
            }
          ],
          "store_path": "/nix/store/1gkf9hcky95s6hf24w9icanplnhg89iy-mdbook-0.4.52"
        },
        "aarch64-linux": {
          "outputs": [
            {
              "name": "out",
              "path": "/nix/store/61x81k0ap6x93l236y794p6787pzxykd-mdbook-0.4.52",
              "default": true
            }
          ],
          "store_path": "/nix/store/61x81k0ap6x93l236y794p6787pzxykd-mdbook-0.4.52"
        },
        "x86_64-darwin": {
          "outputs": [
            {
              "name": "out",
              "path": "/nix/store/z93g863g8spapmdmrd860gl1vp0xfjrr-mdbook-0.4.52",
              "default": true
            }
          ],
          "store_path": "/nix/store/z93g863g8spapmdmrd860gl1vp0xfjrr-mdbook-0.4.52"
        },
        "x86_64-linux": {
          "outputs": [
            {
              "name": "out",
              "path": "/nix/store/ypvsirspx3w1k10mwqh60dib2ivqhys9-mdbook-0.4.52",
              "default": true
            }
          ],
          "store_path": "/nix/store/ypvsirspx3w1k10mwqh60dib2ivqhys9-mdbook-0.4.52"
        }
      }
    },
    "tilt@latest": {
      "last_modified": "2025-09-18T16:33:27Z",
      "resolved": "github:NixOS/nixpkgs/f4b140d5b253f5e2a1ff4e5506edbf8267724bde#tilt",
      "source": "devbox-search",
      "version": "0.35.1",
      "systems": {
        "aarch64-darwin": {
          "outputs": [
            {
              "name": "out",
              "path": "/nix/store/izdakki2a7whs1hw067xfiaar0livj31-tilt-0.35.1",
              "default": true
            }
          ],
          "store_path": "/nix/store/izdakki2a7whs1hw067xfiaar0livj31-tilt-0.35.1"
        },
        "aarch64-linux": {
          "outputs": [
            {
              "name": "out",
              "path": "/nix/store/7674j29jfr72vz9r6gvwqhbi6hmj85g2-tilt-0.35.1",
              "default": true
            }
          ],
          "store_path": "/nix/store/7674j29jfr72vz9r6gvwqhbi6hmj85g2-tilt-0.35.1"
        },
        "x86_64-darwin": {
          "outputs": [
            {
              "name": "out",
              "path": "/nix/store/2khv0kjrh52snzvlp1rb90jy26ffqxq2-tilt-0.35.1",
              "default": true
            }
          ],
          "store_path": "/nix/store/2khv0kjrh52snzvlp1rb90jy26ffqxq2-tilt-0.35.1"
        },
        "x86_64-linux": {
          "outputs": [
            {
              "name": "out",
              "path": "/nix/store/8adia4svlckc1l8jjbk1f8v94gnwga8s-tilt-0.35.1",
              "default": true
            }
          ],
          "store_path": "/nix/store/8adia4svlckc1l8jjbk1f8v94gnwga8s-tilt-0.35.1"
        }
      }
    }
  }
}
